{
    "_readme": [
        "This file locks the dependencies of your project to a known state",
        "Read more about it at https://getcomposer.org/doc/01-basic-usage.md#composer-lock-the-lock-file",
        "This file is @generated automatically"
    ],
    "hash": "ad956d6654a69c7643ba654219f380f1",
    "content-hash": "cb837c671a6712bb5443f3d23d0820c4",
    "packages": [
        {
            "name": "amenadiel/jpgraph",
            "version": "v3.6.5",
            "source": {
                "type": "git",
                "url": "https://github.com/amenadiel/jpgraph.git",
                "reference": "63cc1db60e611e1620ff38751fa5406f8f3b9150"
            },
            "dist": {
                "type": "zip",
                "url": "https://api.github.com/repos/amenadiel/jpgraph/zipball/63cc1db60e611e1620ff38751fa5406f8f3b9150",
                "reference": "63cc1db60e611e1620ff38751fa5406f8f3b9150",
                "shasum": ""
            },
            "require": {
                "ext-gd": "*",
                "php": ">=5.3.0"
            },
            "type": "library",
            "autoload": {
                "psr-4": {
                    "Amenadiel\\JpGraph\\": "src/",
                    "Amenadiel\\JpGraph\\Graph\\": "src/graph",
                    "Amenadiel\\JpGraph\\Image\\": "src/image",
                    "Amenadiel\\JpGraph\\Plot\\": "src/plot",
                    "Amenadiel\\JpGraph\\Text\\": "src/text",
                    "Amenadiel\\JpGraph\\Themes\\": "src/themes",
                    "Amenadiel\\JpGraph\\Util\\": "src/util"
                }
            },
            "notification-url": "https://packagist.org/downloads/",
            "license": [
                "QPL 1.0"
            ],
            "description": "jpGraph, library to make graphs and charts",
            "homepage": "http://jpgraph.net/",
            "keywords": [
                "chart",
                "data",
                "graph",
                "jpgraph",
                "pie"
            ],
            "time": "2016-02-29 16:35:17"
        }
    ],
    "packages-dev": [],
    "aliases": [],
    "minimum-stability": "stable",
    "stability-flags": [],
    "prefer-stable": false,
    "prefer-lowest": false,
    "platform": [],
    "platform-dev": []
}
